// !$*UTF8*$!
{
	archiveVersion = 1;
	classes = {
	};
	objectVersion = 48;
	objects = {

/* Begin PBXBuildFile section */
		18E655C021A8354500FC3C2B /* AppDelegate.swift in Sources */ = {isa = PBXBuildFile; fileRef = 18E655BF21A8354500FC3C2B /* AppDelegate.swift */; };
		18E655C221A8354500FC3C2B /* ViewController.swift in Sources */ = {isa = PBXBuildFile; fileRef = 18E655C121A8354500FC3C2B /* ViewController.swift */; };
		18E655C521A8354500FC3C2B /* Main.storyboard in Resources */ = {isa = PBXBuildFile; fileRef = 18E655C321A8354500FC3C2B /* Main.storyboard */; };
		18E655C721A8354500FC3C2B /* Assets.xcassets in Resources */ = {isa = PBXBuildFile; fileRef = 18E655C621A8354500FC3C2B /* Assets.xcassets */; };
		18E655CA21A8354500FC3C2B /* LaunchScreen.storyboard in Resources */ = {isa = PBXBuildFile; fileRef = 18E655C821A8354500FC3C2B /* LaunchScreen.storyboard */; };
		18E655D521A8354500FC3C2B /* ____2_Tests.swift in Sources */ = {isa = PBXBuildFile; fileRef = 18E655D421A8354500FC3C2B /* ____2_Tests.swift */; };
		18E655E021A8354500FC3C2B /* ____2_UITests.swift in Sources */ = {isa = PBXBuildFile; fileRef = 18E655DF21A8354500FC3C2B /* ____2_UITests.swift */; };
/* End PBXBuildFile section */

/* Begin PBXContainerItemProxy section */
		18E655D121A8354500FC3C2B /* PBXContainerItemProxy */ = {
			isa = PBXContainerItemProxy;
			containerPortal = 18E655B421A8354500FC3C2B /* Project object */;
			proxyType = 1;
			remoteGlobalIDString = 18E655BB21A8354500FC3C2B;
			remoteInfo = "实验六（2）";
		};
		18E655DC21A8354500FC3C2B /* PBXContainerItemProxy */ = {
			isa = PBXContainerItemProxy;
			containerPortal = 18E655B421A8354500FC3C2B /* Project object */;
			proxyType = 1;
			remoteGlobalIDString = 18E655BB21A8354500FC3C2B;
			remoteInfo = "实验六（2）";
		};
/* End PBXContainerItemProxy section */

/* Begin PBXFileReference section */
		18E655BC21A8354500FC3C2B /* 实验六（2）.app */ = {isa = PBXFileReference; explicitFileType = wrapper.application; includeInIndex = 0; path = "实验六（2）.app"; sourceTree = BUILT_PRODUCTS_DIR; };
		18E655BF21A8354500FC3C2B /* AppDelegate.swift */ = {isa = PBXFileReference; lastKnownFileType = sourcecode.swift; path = AppDelegate.swift; sourceTree = "<group>"; };
		18E655C121A8354500FC3C2B /* ViewController.swift */ = {isa = PBXFileReference; lastKnownFileType = sourcecode.swift; path = ViewController.swift; sourceTree = "<group>"; };
		18E655C421A8354500FC3C2B /* Base */ = {isa = PBXFileReference; lastKnownFileType = file.storyboard; name = Base; path = Base.lproj/Main.storyboard; sourceTree = "<group>"; };
		18E655C621A8354500FC3C2B /* Assets.xcassets */ = {isa = PBXFileReference; lastKnownFileType = folder.assetcatalog; path = Assets.xcassets; sourceTree = "<group>"; };
		18E655C921A8354500FC3C2B /* Base */ = {isa = PBXFileReference; lastKnownFileType = file.storyboard; name = Base; path = Base.lproj/LaunchScreen.storyboard; sourceTree = "<group>"; };
		18E655CB21A8354500FC3C2B /* Info.plist */ = {isa = PBXFileReference; lastKnownFileType = text.plist.xml; path = Info.plist; sourceTree = "<group>"; };
		18E655D021A8354500FC3C2B /* 实验六（2）Tests.xctest */ = {isa = PBXFileReference; explicitFileType = wrapper.cfbundle; includeInIndex = 0; path = "实验六（2）Tests.xctest"; sourceTree = BUILT_PRODUCTS_DIR; };
		18E655D421A8354500FC3C2B /* ____2_Tests.swift */ = {isa = PBXFileReference; lastKnownFileType = sourcecode.swift; path = "____2_Tests.swift"; sourceTree = "<group>"; };
		18E655D621A8354500FC3C2B /* Info.plist */ = {isa = PBXFileReference; lastKnownFileType = text.plist.xml; path = Info.plist; sourceTree = "<group>"; };
		18E655DB21A8354500FC3C2B /* 实验六（2）UITests.xctest */ = {isa = PBXFileReference; explicitFileType = wrapper.cfbundle; includeInIndex = 0; path = "实验六（2）UITests.xctest"; sourceTree = BUILT_PRODUCTS_DIR; };
		18E655DF21A8354500FC3C2B /* ____2_UITests.swift */ = {isa = PBXFileReference; lastKnownFileType = sourcecode.swift; path = "____2_UITests.swift"; sourceTree = "<group>"; };
		18E655E121A8354500FC3C2B /* Info.plist */ = {isa = PBXFileReference; lastKnownFileType = text.plist.xml; path = Info.plist; sourceTree = "<group>"; };
/* End PBXFileReference section */

/* Begin PBXFrameworksBuildPhase section */
		18E655B921A8354500FC3C2B /* Frameworks */ = {
			isa = PBXFrameworksBuildPhase;
			buildActionMask = 2147483647;
			files = (
			);
			runOnlyForDeploymentPostprocessing = 0;
		};
		18E655CD21A8354500FC3C2B /* Frameworks */ = {
			isa = PBXFrameworksBuildPhase;
			buildActionMask = 2147483647;
			files = (
			);
			runOnlyForDeploymentPostprocessing = 0;
		};
		18E655D821A8354500FC3C2B /* Frameworks */ = {
			isa = PBXFrameworksBuildPhase;
			buildActionMask = 2147483647;
			files = (
			);
			runOnlyForDeploymentPostprocessing = 0;
		};
/* End PBXFrameworksBuildPhase section */

/* Begin PBXGroup section */
		18E655B321A8354500FC3C2B = {
			isa = PBXGroup;
			children = (
				18E655BE21A8354500FC3C2B /* 实验六（2） */,
				18E655D321A8354500FC3C2B /* 实验六（2）Tests */,
				18E655DE21A8354500FC3C2B /* 实验六（2）UITests */,
				18E655BD21A8354500FC3C2B /* Products */,
			);
			sourceTree = "<group>";
		};
		18E655BD21A8354500FC3C2B /* Products */ = {
			isa = PBXGroup;
			children = (
				18E655BC21A8354500FC3C2B /* 实验六（2）.app */,
				18E655D021A8354500FC3C2B /* 实验六（2）Tests.xctest */,
				18E655DB21A8354500FC3C2B /* 实验六（2）UITests.xctest */,
			);
			name = Products;
			sourceTree = "<group>";
		};
		18E655BE21A8354500FC3C2B /* 实验六（2） */ = {
			isa = PBXGroup;
			children = (
				18E655BF21A8354500FC3C2B /* AppDelegate.swift */,
				18E655C121A8354500FC3C2B /* ViewController.swift */,
				18E655C321A8354500FC3C2B /* Main.storyboard */,
				18E655C621A8354500FC3C2B /* Assets.xcassets */,
				18E655C821A8354500FC3C2B /* LaunchScreen.storyboard */,
				18E655CB21A8354500FC3C2B /* Info.plist */,
			);
			path = "实验六（2）";
			sourceTree = "<group>";
		};
		18E655D321A8354500FC3C2B /* 实验六（2）Tests */ = {
			isa = PBXGroup;
			children = (
				18E655D421A8354500FC3C2B /* ____2_Tests.swift */,
				18E655D621A8354500FC3C2B /* Info.plist */,
			);
			path = "实验六（2）Tests";
			sourceTree = "<group>";
		};
		18E655DE21A8354500FC3C2B /* 实验六（2）UITests */ = {
			isa = PBXGroup;
			children = (
				18E655DF21A8354500FC3C2B /* ____2_UITests.swift */,
				18E655E121A8354500FC3C2B /* Info.plist */,
			);
			path = "实验六（2）UITests";
			sourceTree = "<group>";
		};
/* End PBXGroup section */

/* Begin PBXNativeTarget section */
		18E655BB21A8354500FC3C2B /* 实验六（2） */ = {
			isa = PBXNativeTarget;
			buildConfigurationList = 18E655E421A8354500FC3C2B /* Build configuration list for PBXNativeTarget "实验六（2）" */;
			buildPhases = (
				18E655B821A8354500FC3C2B /* Sources */,
				18E655B921A8354500FC3C2B /* Frameworks */,
				18E655BA21A8354500FC3C2B /* Resources */,
			);
			buildRules = (
			);
			dependencies = (
			);
			name = "实验六（2）";
			productName = "实验六（2）";
			productReference = 18E655BC21A8354500FC3C2B /* 实验六（2）.app */;
			productType = "com.apple.product-type.application";
		};
		18E655CF21A8354500FC3C2B /* 实验六（2）Tests */ = {
			isa = PBXNativeTarget;
			buildConfigurationList = 18E655E721A8354500FC3C2B /* Build configuration list for PBXNativeTarget "实验六（2）Tests" */;
			buildPhases = (
				18E655CC21A8354500FC3C2B /* Sources */,
				18E655CD21A8354500FC3C2B /* Frameworks */,
				18E655CE21A8354500FC3C2B /* Resources */,
			);
			buildRules = (
			);
			dependencies = (
				18E655D221A8354500FC3C2B /* PBXTargetDependency */,
			);
			name = "实验六（2）Tests";
			productName = "实验六（2）Tests";
			productReference = 18E655D021A8354500FC3C2B /* 实验六（2）Tests.xctest */;
			productType = "com.apple.product-type.bundle.unit-test";
		};
		18E655DA21A8354500FC3C2B /* 实验六（2）UITests */ = {
			isa = PBXNativeTarget;
			buildConfigurationList = 18E655EA21A8354500FC3C2B /* Build configuration list for PBXNativeTarget "实验六（2）UITests" */;
			buildPhases = (
				18E655D721A8354500FC3C2B /* Sources */,
				18E655D821A8354500FC3C2B /* Frameworks */,
				18E655D921A8354500FC3C2B /* Resources */,
			);
			buildRules = (
			);
			dependencies = (
				18E655DD21A8354500FC3C2B /* PBXTargetDependency */,
			);
			name = "实验六（2）UITests";
			productName = "实验六（2）UITests";
			productReference = 18E655DB21A8354500FC3C2B /* 实验六（2）UITests.xctest */;
			productType = "com.apple.product-type.bundle.ui-testing";
		};
/* End PBXNativeTarget section */

/* Begin PBXProject section */
		18E655B421A8354500FC3C2B /* Project object */ = {
			isa = PBXProject;
			attributes = {
				LastSwiftUpdateCheck = 0920;
				LastUpgradeCheck = 0920;
				ORGANIZATIONNAME = wanfengling;
				TargetAttributes = {
					18E655BB21A8354500FC3C2B = {
						CreatedOnToolsVersion = 9.2;
						ProvisioningStyle = Automatic;
					};
					18E655CF21A8354500FC3C2B = {
						CreatedOnToolsVersion = 9.2;
						ProvisioningStyle = Automatic;
						TestTargetID = 18E655BB21A8354500FC3C2B;
					};
					18E655DA21A8354500FC3C2B = {
						CreatedOnToolsVersion = 9.2;
						ProvisioningStyle = Automatic;
						TestTargetID = 18E655BB21A8354500FC3C2B;
					};
				};
			};
			buildConfigurationList = 18E655B721A8354500FC3C2B /* Build configuration list for PBXProject "实验六（2）" */;
			compatibilityVersion = "Xcode 8.0";
			developmentRegion = en;
			hasScannedForEncodings = 0;
			knownRegions = (
				en,
				Base,
			);
			mainGroup = 18E655B321A8354500FC3C2B;
			productRefGroup = 18E655BD21A8354500FC3C2B /* Products */;
			projectDirPath = "";
			projectRoot = "";
			targets = (
				18E655BB21A8354500FC3C2B /* 实验六（2） */,
				18E655CF21A8354500FC3C2B /* 实验六（2）Tests */,
				18E655DA21A8354500FC3C2B /* 实验六（2）UITests */,
			);
		};
/* End PBXProject section */

/* Begin PBXResourcesBuildPhase section */
		18E655BA21A8354500FC3C2B /* Resources */ = {
			isa = PBXResourcesBuildPhase;
			buildActionMask = 2147483647;
			files = (
				18E655CA21A8354500FC3C2B /* LaunchScreen.storyboard in Resources */,
				18E655C721A8354500FC3C2B /* Assets.xcassets in Resources */,
				18E655C521A8354500FC3C2B /* Main.storyboard in Resources */,
			);
			runOnlyForDeploymentPostprocessing = 0;
		};
		18E655CE21A8354500FC3C2B /* Resources */ = {
			isa = PBXResourcesBuildPhase;
			buildActionMask = 2147483647;
			files = (
			);
			runOnlyForDeploymentPostprocessing = 0;
		};
		18E655D921A8354500FC3C2B /* Resources */ = {
			isa = PBXResourcesBuildPhase;
			buildActionMask = 2147483647;
			files = (
			);
			runOnlyForDeploymentPostprocessing = 0;
		};
/* End PBXResourcesBuildPhase section */

/* Begin PBXSourcesBuildPhase section */
		18E655B821A8354500FC3C2B /* Sources */ = {
			isa = PBXSourcesBuildPhase;
			buildActionMask = 2147483647;
			files = (
				18E655C221A8354500FC3C2B /* ViewController.swift in Sources */,
				18E655C021A8354500FC3C2B /* AppDelegate.swift in Sources */,
			);
			runOnlyForDeploymentPostprocessing = 0;
		};
		18E655CC21A8354500FC3C2B /* Sources */ = {
			isa = PBXSourcesBuildPhase;
			buildActionMask = 2147483647;
			files = (
				18E655D521A8354500FC3C2B /* ____2_Tests.swift in Sources */,
			);
			runOnlyForDeploymentPostprocessing = 0;
		};
		18E655D721A8354500FC3C2B /* Sources */ = {
			isa = PBXSourcesBuildPhase;
			buildActionMask = 2147483647;
			files = (
				18E655E021A8354500FC3C2B /* ____2_UITests.swift in Sources */,
			);
			runOnlyForDeploymentPostprocessing = 0;
		};
/* End PBXSourcesBuildPhase section */

/* Begin PBXTargetDependency section */
		18E655D221A8354500FC3C2B /* PBXTargetDependency */ = {
			isa = PBXTargetDependency;
			target = 18E655BB21A8354500FC3C2B /* 实验六（2） */;
			targetProxy = 18E655D121A8354500FC3C2B /* PBXContainerItemProxy */;
		};
		18E655DD21A8354500FC3C2B /* PBXTargetDependency */ = {
			isa = PBXTargetDependency;
			target = 18E655BB21A8354500FC3C2B /* 实验六（2） */;
			targetProxy = 18E655DC21A8354500FC3C2B /* PBXContainerItemProxy */;
		};
/* End PBXTargetDependency section */

/* Begin PBXVariantGroup section */
		18E655C321A8354500FC3C2B /* Main.storyboard */ = {
			isa = PBXVariantGroup;
			children = (
				18E655C421A8354500FC3C2B /* Base */,
			);
			name = Main.storyboard;
			sourceTree = "<group>";
		};
		18E655C821A8354500FC3C2B /* LaunchScreen.storyboard */ = {
			isa = PBXVariantGroup;
			children = (
				18E655C921A8354500FC3C2B /* Base */,
			);
			name = LaunchScreen.storyboard;
			sourceTree = "<group>";
		};
/* End PBXVariantGroup section */

/* Begin XCBuildConfiguration section */
		18E655E221A8354500FC3C2B /* Debug */ = {
			isa = XCBuildConfiguration;
			buildSettings = {
				ALWAYS_SEARCH_USER_PATHS = NO;
				CLANG_ANALYZER_NONNULL = YES;
				CLANG_ANALYZER_NUMBER_OBJECT_CONVERSION = YES_AGGRESSIVE;
				CLANG_CXX_LANGUAGE_STANDARD = "gnu++14";
				CLANG_CXX_LIBRARY = "libc++";
				CLANG_ENABLE_MODULES = YES;
				CLANG_ENABLE_OBJC_ARC = YES;
				CLANG_WARN_BLOCK_CAPTURE_AUTORELEASING = YES;
				CLANG_WARN_BOOL_CONVERSION = YES;
				CLANG_WARN_COMMA = YES;
				CLANG_WARN_CONSTANT_CONVERSION = YES;
				CLANG_WARN_DIRECT_OBJC_ISA_USAGE = YES_ERROR;
				CLANG_WARN_DOCUMENTATION_COMMENTS = YES;
				CLANG_WARN_EMPTY_BODY = YES;
				CLANG_WARN_ENUM_CONVERSION = YES;
				CLANG_WARN_INFINITE_RECURSION = YES;
				CLANG_WARN_INT_CONVERSION = YES;
				CLANG_WARN_NON_LITERAL_NULL_CONVERSION = YES;
				CLANG_WARN_OBJC_LITERAL_CONVERSION = YES;
				CLANG_WARN_OBJC_ROOT_CLASS = YES_ERROR;
				CLANG_WARN_RANGE_LOOP_ANALYSIS = YES;
				CLANG_WARN_STRICT_PROTOTYPES = YES;
				CLANG_WARN_SUSPICIOUS_MOVE = YES;
				CLANG_WARN_UNGUARDED_AVAILABILITY = YES_AGGRESSIVE;
				CLANG_WARN_UNREACHABLE_CODE = YES;
				CLANG_WARN__DUPLICATE_METHOD_MATCH = YES;
				CODE_SIGN_IDENTITY = "iPhone Developer";
				COPY_PHASE_STRIP = NO;
				DEBUG_INFORMATION_FORMAT = dwarf;
				ENABLE_STRICT_OBJC_MSGSEND = YES;
				ENABLE_TESTABILITY = YES;
				GCC_C_LANGUAGE_STANDARD = gnu11;
				GCC_DYNAMIC_NO_PIC = NO;
				GCC_NO_COMMON_BLOCKS = YES;
				GCC_OPTIMIZATION_LEVEL = 0;
				GCC_PREPROCESSOR_DEFINITIONS = (
					"DEBUG=1",
					"$(inherited)",
				);
				GCC_WARN_64_TO_32_BIT_CONVERSION = YES;
				GCC_WARN_ABOUT_RETURN_TYPE = YES_ERROR;
				GCC_WARN_UNDECLARED_SELECTOR = YES;
				GCC_WARN_UNINITIALIZED_AUTOS = YES_AGGRESSIVE;
				GCC_WARN_UNUSED_FUNCTION = YES;
				GCC_WARN_UNUSED_VARIABLE = YES;
				IPHONEOS_DEPLOYMENT_TARGET = 11.2;
				MTL_ENABLE_DEBUG_INFO = YES;
				ONLY_ACTIVE_ARCH = YES;
				SDKROOT = iphoneos;
				SWIFT_ACTIVE_COMPILATION_CONDITIONS = DEBUG;
				SWIFT_OPTIMIZATION_LEVEL = "-Onone";
			};
			name = Debug;
		};
		18E655E321A8354500FC3C2B /* Release */ = {
			isa = XCBuildConfiguration;
			buildSettings = {
				ALWAYS_SEARCH_USER_PATHS = NO;
				CLANG_ANALYZER_NONNULL = YES;
				CLANG_ANALYZER_NUMBER_OBJECT_CONVERSION = YES_AGGRESSIVE;
				CLANG_CXX_LANGUAGE_STANDARD = "gnu++14";
				CLANG_CXX_LIBRARY = "libc++";
				CLANG_ENABLE_MODULES = YES;
				CLANG_ENABLE_OBJC_ARC = YES;
				CLANG_WARN_BLOCK_CAPTURE_AUTORELEASING = YES;
				CLANG_WARN_BOOL_CONVERSION = YES;
				CLANG_WARN_COMMA = YES;
				CLANG_WARN_CONSTANT_CONVERSION = YES;
				CLANG_WARN_DIRECT_OBJC_ISA_USAGE = YES_ERROR;
				CLANG_WARN_DOCUMENTATION_COMMENTS = YES;
				CLANG_WARN_EMPTY_BODY = YES;
				CLANG_WARN_ENUM_CONVERSION = YES;
				CLANG_WARN_INFINITE_RECURSION = YES;
				CLANG_WARN_INT_CONVERSION = YES;
				CLANG_WARN_NON_LITERAL_NULL_CONVERSION = YES;
				CLANG_WARN_OBJC_LITERAL_CONVERSION = YES;
				CLANG_WARN_OBJC_ROOT_CLASS = YES_ERROR;
				CLANG_WARN_RANGE_LOOP_ANALYSIS = YES;
				CLANG_WARN_STRICT_PROTOTYPES = YES;
				CLANG_WARN_SUSPICIOUS_MOVE = YES;
				CLANG_WARN_UNGUARDED_AVAILABILITY = YES_AGGRESSIVE;
				CLANG_WARN_UNREACHABLE_CODE = YES;
				CLANG_WARN__DUPLICATE_METHOD_MATCH = YES;
				CODE_SIGN_IDENTITY = "iPhone Developer";
				COPY_PHASE_STRIP = NO;
				DEBUG_INFORMATION_FORMAT = "dwarf-with-dsym";
				ENABLE_NS_ASSERTIONS = NO;
				ENABLE_STRICT_OBJC_MSGSEND = YES;
				GCC_C_LANGUAGE_STANDARD = gnu11;
				GCC_NO_COMMON_BLOCKS = YES;
				GCC_WARN_64_TO_32_BIT_CONVERSION = YES;
				GCC_WARN_ABOUT_RETURN_TYPE = YES_ERROR;
				GCC_WARN_UNDECLARED_SELECTOR = YES;
				GCC_WARN_UNINITIALIZED_AUTOS = YES_AGGRESSIVE;
				GCC_WARN_UNUSED_FUNCTION = YES;
				GCC_WARN_UNUSED_VARIABLE = YES;
				IPHONEOS_DEPLOYMENT_TARGET = 11.2;
				MTL_ENABLE_DEBUG_INFO = NO;
				SDKROOT = iphoneos;
				SWIFT_OPTIMIZATION_LEVEL = "-Owholemodule";
				VALIDATE_PRODUCT = YES;
			};
			name = Release;
		};
		18E655E521A8354500FC3C2B /* Debug */ = {
			isa = XCBuildConfiguration;
			buildSettings = {
				ASSETCATALOG_COMPILER_APPICON_NAME = AppIcon;
				CODE_SIGN_STYLE = Automatic;
				INFOPLIST_FILE = "实验六（2）/Info.plist";
				LD_RUNPATH_SEARCH_PATHS = "$(inherited) @executable_path/Frameworks";
				PRODUCT_BUNDLE_IDENTIFIER = "-016110334.----2-";
				PRODUCT_NAME = "$(TARGET_NAME)";
				SWIFT_VERSION = 4.0;
				TARGETED_DEVICE_FAMILY = "1,2";
			};
			name = Debug;
		};
		18E655E621A8354500FC3C2B /* Release */ = {
			isa = XCBuildConfiguration;
			buildSettings = {
				ASSETCATALOG_COMPILER_APPICON_NAME = AppIcon;
				CODE_SIGN_STYLE = Automatic;
				INFOPLIST_FILE = "实验六（2）/Info.plist";
				LD_RUNPATH_SEARCH_PATHS = "$(inherited) @executable_path/Frameworks";
				PRODUCT_BUNDLE_IDENTIFIER = "-016110334.----2-";
				PRODUCT_NAME = "$(TARGET_NAME)";
				SWIFT_VERSION = 4.0;
				TARGETED_DEVICE_FAMILY = "1,2";
			};
			name = Release;
		};
		18E655E821A8354500FC3C2B /* Debug */ = {
			isa = XCBuildConfiguration;
			buildSettings = {
				ALWAYS_EMBED_SWIFT_STANDARD_LIBRARIES = YES;
				BUNDLE_LOADER = "$(TEST_HOST)";
				CODE_SIGN_STYLE = Automatic;
				INFOPLIST_FILE = "实验六（2）Tests/Info.plist";
				LD_RUNPATH_SEARCH_PATHS = "$(inherited) @executable_path/Frameworks @loader_path/Frameworks";
				PRODUCT_BUNDLE_IDENTIFIER = "-016110334.----2-Tests";
				PRODUCT_NAME = "$(TARGET_NAME)";
				SWIFT_VERSION = 4.0;
				TARGETED_DEVICE_FAMILY = "1,2";
				TEST_HOST = "$(BUILT_PRODUCTS_DIR)/实验六（2）.app/实验六（2）";
			};
			name = Debug;
		};
		18E655E921A8354500FC3C2B /* Release */ = {
			isa = XCBuildConfiguration;
			buildSettings = {
				ALWAYS_EMBED_SWIFT_STANDARD_LIBRARIES = YES;
				BUNDLE_LOADER = "$(TEST_HOST)";
				CODE_SIGN_STYLE = Automatic;
				INFOPLIST_FILE = "实验六（2）Tests/Info.plist";
				LD_RUNPATH_SEARCH_PATHS = "$(inherited) @executable_path/Frameworks @loader_path/Frameworks";
				PRODUCT_BUNDLE_IDENTIFIER = "-016110334.----2-Tests";
				PRODUCT_NAME = "$(TARGET_NAME)";
				SWIFT_VERSION = 4.0;
				TARGETED_DEVICE_FAMILY = "1,2";
				TEST_HOST = "$(BUILT_PRODUCTS_DIR)/实验六（2）.app/实验六（2）";
			};
			name = Release;
		};
		18E655EB21A8354500FC3C2B /* Debug */ = {
			isa = XCBuildConfiguration;
			buildSettings = {
				ALWAYS_EMBED_SWIFT_STANDARD_LIBRARIES = YES;
				CODE_SIGN_STYLE = Automatic;
				INFOPLIST_FILE = "实验六（2）UITests/Info.plist";
				LD_RUNPATH_SEARCH_PATHS = "$(inherited) @executable_path/Frameworks @loader_path/Frameworks";
				PRODUCT_BUNDLE_IDENTIFIER = "-016110334.----2-UITests";
				PRODUCT_NAME = "$(TARGET_NAME)";
				SWIFT_VERSION = 4.0;
				TARGETED_DEVICE_FAMILY = "1,2";
				TEST_TARGET_NAME = "实验六（2）";
			};
			name = Debug;
		};
		18E655EC21A8354500FC3C2B /* Release */ = {
			isa = XCBuildConfiguration;
			buildSettings = {
				ALWAYS_EMBED_SWIFT_STANDARD_LIBRARIES = YES;
				CODE_SIGN_STYLE = Automatic;
				INFOPLIST_FILE = "实验六（2）UITests/Info.plist";
				LD_RUNPATH_SEARCH_PATHS = "$(inherited) @executable_path/Frameworks @loader_path/Frameworks";
				PRODUCT_BUNDLE_IDENTIFIER = "-016110334.----2-UITests";
				PRODUCT_NAME = "$(TARGET_NAME)";
				SWIFT_VERSION = 4.0;
				TARGETED_DEVICE_FAMILY = "1,2";
				TEST_TARGET_NAME = "实验六（2）";
			};
			name = Release;
		};
/* End XCBuildConfiguration section */

/* Begin XCConfigurationList section */
		18E655B721A8354500FC3C2B /* Build configuration list for PBXProject "实验六（2）" */ = {
			isa = XCConfigurationList;
			buildConfigurations = (
				18E655E221A8354500FC3C2B /* Debug */,
				18E655E321A8354500FC3C2B /* Release */,
			);
			defaultConfigurationIsVisible = 0;
			defaultConfigurationName = Release;
		};
		18E655E421A8354500FC3C2B /* Build configuration list for PBXNativeTarget "实验六（2）" */ = {
			isa = XCConfigurationList;
			buildConfigurations = (
				18E655E521A8354500FC3C2B /* Debug */,
				18E655E621A8354500FC3C2B /* Release */,
			);
			defaultConfigurationIsVisible = 0;
			defaultConfigurationName = Release;
		};
		18E655E721A8354500FC3C2B /* Build configuration list for PBXNativeTarget "实验六（2）Tests" */ = {
			isa = XCConfigurationList;
			buildConfigurations = (
				18E655E821A8354500FC3C2B /* Debug */,
				18E655E921A8354500FC3C2B /* Release */,
			);
			defaultConfigurationIsVisible = 0;
			defaultConfigurationName = Release;
		};
		18E655EA21A8354500FC3C2B /* Build configuration list for PBXNativeTarget "实验六（2）UITests" */ = {
			isa = XCConfigurationList;
			buildConfigurations = (
				18E655EB21A8354500FC3C2B /* Debug */,
				18E655EC21A8354500FC3C2B /* Release */,
			);
			defaultConfigurationIsVisible = 0;
			defaultConfigurationName = Release;
		};
/* End XCConfigurationList section */
	};
	rootObject = 18E655B421A8354500FC3C2B /* Project object */;
}
